
Microsoft Visual Studio Solution File, Format Version 12.00
# Visual Studio Version 16
VisualStudioVersion = 16.0.31613.86
MinimumVisualStudioVersion = 10.0.40219.1
Project("{9A19103F-16F7-4668-BE54-9A1E7A4F7556}") = "Chip", "Chip\Chip.csproj", "{01F668D1-0225-457E-BABA-6E63EA2EE0FE}"
EndProject
Project("{9A19103F-16F7-4668-BE54-9A1E7A4F7556}") = "Chip8", "Chip8\Chip8.csproj", "{ABF46AA0-94F1-47C8-9642-5760AD4658CE}"
EndProject
Global
	GlobalSection(SolutionConfigurationPlatforms) = preSolution
		Debug|Any CPU = Debug|Any CPU
		Release|Any CPU = Release|Any CPU
	EndGlobalSection
	GlobalSection(ProjectConfigurationPlatforms) = postSolution
		{01F668D1-0225-457E-BABA-6E63EA2EE0FE}.Debug|Any CPU.ActiveCfg = Debug|Any CPU
		{01F668D1-0225-457E-BABA-6E63EA2EE0FE}.Debug|Any CPU.Build.0 = Debug|Any CPU
		{01F668D1-0225-457E-BABA-6E63EA2EE0FE}.Release|Any CPU.ActiveCfg = Release|Any CPU
		{01F668D1-0225-457E-BABA-6E63EA2EE0FE}.Release|Any CPU.Build.0 = Release|Any CPU
		{ABF46AA0-94F1-47C8-9642-5760AD4658CE}.Debug|Any CPU.ActiveCfg = Debug|Any CPU
		{ABF46AA0-94F1-47C8-9642-5760AD4658CE}.Debug|Any CPU.Build.0 = Debug|Any CPU
		{ABF46AA0-94F1-47C8-9642-5760AD4658CE}.Release|Any CPU.ActiveCfg = Release|Any CPU
		{ABF46AA0-94F1-47C8-9642-5760AD4658CE}.Release|Any CPU.Build.0 = Release|Any CPU
	EndGlobalSection
	GlobalSection(SolutionProperties) = preSolution
		HideSolutionNode = FALSE
	EndGlobalSection
	GlobalSection(ExtensibilityGlobals) = postSolution
		SolutionGuid = {6F321C65-63C3-4FDF-B7E2-87DDE11CE7CA}
	EndGlobalSection
EndGlobal
